
Microsoft Visual Studio Solution File, Format Version 12.00
# Visual Studio 15
VisualStudioVersion = 15.0.28307.489
MinimumVisualStudioVersion = 10.0.40219.1
Project("{FAE04EC0-301F-11D3-BF4B-00C04F79EFBC}") = "InRule.Runtime.Metrics.TestHarness", "Samples\InRule.Runtime.Metrics.TestHarness\InRule.Runtime.Metrics.TestHarness.csproj", "{BAAFE31A-B7C7-4256-8628-87401BCE383D}"
EndProject
Project("{FAE04EC0-301F-11D3-BF4B-00C04F79EFBC}") = "InRule.Runtime.Metrics.Csv", "Samples\InRule.Runtime.Metrics.Csv\InRule.Runtime.Metrics.Csv.csproj", "{2A94C6AA-5A09-4DDE-AC45-BB3D97A5DEDD}"
EndProject
Global
	GlobalSection(SolutionConfigurationPlatforms) = preSolution
		Debug|Any CPU = Debug|Any CPU
		Release|Any CPU = Release|Any CPU
	EndGlobalSection
	GlobalSection(ProjectConfigurationPlatforms) = postSolution
		{BAAFE31A-B7C7-4256-8628-87401BCE383D}.Debug|Any CPU.ActiveCfg = Debug|Any CPU
		{BAAFE31A-B7C7-4256-8628-87401BCE383D}.Debug|Any CPU.Build.0 = Debug|Any CPU
		{BAAFE31A-B7C7-4256-8628-87401BCE383D}.Release|Any CPU.ActiveCfg = Release|Any CPU
		{BAAFE31A-B7C7-4256-8628-87401BCE383D}.Release|Any CPU.Build.0 = Release|Any CPU
		{2A94C6AA-5A09-4DDE-AC45-BB3D97A5DEDD}.Debug|Any CPU.ActiveCfg = Debug|Any CPU
		{2A94C6AA-5A09-4DDE-AC45-BB3D97A5DEDD}.Debug|Any CPU.Build.0 = Debug|Any CPU
		{2A94C6AA-5A09-4DDE-AC45-BB3D97A5DEDD}.Release|Any CPU.ActiveCfg = Release|Any CPU
		{2A94C6AA-5A09-4DDE-AC45-BB3D97A5DEDD}.Release|Any CPU.Build.0 = Release|Any CPU
	EndGlobalSection
	GlobalSection(SolutionProperties) = preSolution
		HideSolutionNode = FALSE
	EndGlobalSection
	GlobalSection(ExtensibilityGlobals) = postSolution
		SolutionGuid = {5E3E6988-8F04-4E91-BF33-2901CE4834D5}
	EndGlobalSection
EndGlobal
